
Microsoft Visual Studio Solution File, Format Version 12.00
# Visual Studio 15
VisualStudioVersion = 15.0.27004.2002
MinimumVisualStudioVersion = 10.0.40219.1
Project("{FAE04EC0-301F-11D3-BF4B-00C04F79EFBC}") = "Omega3", "Omega3\Omega3.csproj", "{BC32EECD-AC3E-4959-A0E8-37086D707FFB}"
EndProject
Project("{2150E333-8FDC-42A3-9474-1A3956D46DE8}") = "Solution Items", "Solution Items", "{1B79AFB4-BDC9-4232-95F4-F03AC12EF3F5}"
	ProjectSection(SolutionItems) = preProject
		D:\xampp\htdocs\Omega\chart.html = D:\xampp\htdocs\Omega\chart.html
		cosa parregla.txt = cosa parregla.txt
		sql.sql = sql.sql
	EndProjectSection
EndProject
Project("{54435603-DBB4-11D2-8724-00A0C9A8B90C}") = "OmegaInstaller", "OmegaInstaller\OmegaInstaller.vdproj", "{67F34E15-1E19-4E5D-B1CD-2BBDFF517C2A}"
EndProject
Global
	GlobalSection(SolutionConfigurationPlatforms) = preSolution
		Debug|Any CPU = Debug|Any CPU
		Release|Any CPU = Release|Any CPU
	EndGlobalSection
	GlobalSection(ProjectConfigurationPlatforms) = postSolution
		{BC32EECD-AC3E-4959-A0E8-37086D707FFB}.Debug|Any CPU.ActiveCfg = Debug|Any CPU
		{BC32EECD-AC3E-4959-A0E8-37086D707FFB}.Debug|Any CPU.Build.0 = Debug|Any CPU
		{BC32EECD-AC3E-4959-A0E8-37086D707FFB}.Release|Any CPU.ActiveCfg = Release|Any CPU
		{BC32EECD-AC3E-4959-A0E8-37086D707FFB}.Release|Any CPU.Build.0 = Release|Any CPU
		{67F34E15-1E19-4E5D-B1CD-2BBDFF517C2A}.Debug|Any CPU.ActiveCfg = Debug
		{67F34E15-1E19-4E5D-B1CD-2BBDFF517C2A}.Release|Any CPU.ActiveCfg = Release
	EndGlobalSection
	GlobalSection(SolutionProperties) = preSolution
		HideSolutionNode = FALSE
	EndGlobalSection
	GlobalSection(ExtensibilityGlobals) = postSolution
		SolutionGuid = {BB491B20-9333-41A3-B011-1EFC8A2069D1}
	EndGlobalSection
EndGlobal
